// !$*UTF8*$!
{
	archiveVersion = 1;
	classes = {
	};
	objectVersion = 56;
	objects = {

/* Begin PBXBuildFile section */
		6FDB67AA2A117A5100EBE8B7 /* AppDelegate.swift in Sources */ = {isa = PBXBuildFile; fileRef = 6FDB67A92A117A5100EBE8B7 /* AppDelegate.swift */; };
		6FDB67AC2A117A5100EBE8B7 /* SceneDelegate.swift in Sources */ = {isa = PBXBuildFile; fileRef = 6FDB67AB2A117A5100EBE8B7 /* SceneDelegate.swift */; };
		6FDB67AE2A117A5100EBE8B7 /* ViewController.swift in Sources */ = {isa = PBXBuildFile; fileRef = 6FDB67AD2A117A5100EBE8B7 /* ViewController.swift */; };
		6FDB67B12A117A5100EBE8B7 /* Main.storyboard in Resources */ = {isa = PBXBuildFile; fileRef = 6FDB67AF2A117A5100EBE8B7 /* Main.storyboard */; };
		6FDB67B42A117A5100EBE8B7 /* Virtual_Tourist.xcdatamodeld in Sources */ = {isa = PBXBuildFile; fileRef = 6FDB67B22A117A5100EBE8B7 /* Virtual_Tourist.xcdatamodeld */; };
		6FDB67B62A117A5200EBE8B7 /* Assets.xcassets in Resources */ = {isa = PBXBuildFile; fileRef = 6FDB67B52A117A5200EBE8B7 /* Assets.xcassets */; };
		6FDB67B92A117A5200EBE8B7 /* LaunchScreen.storyboard in Resources */ = {isa = PBXBuildFile; fileRef = 6FDB67B72A117A5200EBE8B7 /* LaunchScreen.storyboard */; };
		6FDB67C42A117A5200EBE8B7 /* Virtual_TouristTests.swift in Sources */ = {isa = PBXBuildFile; fileRef = 6FDB67C32A117A5200EBE8B7 /* Virtual_TouristTests.swift */; };
		6FDB67CE2A117A5200EBE8B7 /* Virtual_TouristUITests.swift in Sources */ = {isa = PBXBuildFile; fileRef = 6FDB67CD2A117A5200EBE8B7 /* Virtual_TouristUITests.swift */; };
		6FDB67D02A117A5200EBE8B7 /* Virtual_TouristUITestsLaunchTests.swift in Sources */ = {isa = PBXBuildFile; fileRef = 6FDB67CF2A117A5200EBE8B7 /* Virtual_TouristUITestsLaunchTests.swift */; };
		6FDB67E02A117D0F00EBE8B7 /* FlickrApiClient.swift in Sources */ = {isa = PBXBuildFile; fileRef = 6FDB67DF2A117D0F00EBE8B7 /* FlickrApiClient.swift */; };
		6FDB67E12A117D0F00EBE8B7 /* FlickrApiClient.swift in Sources */ = {isa = PBXBuildFile; fileRef = 6FDB67DF2A117D0F00EBE8B7 /* FlickrApiClient.swift */; };
		6FDB67E22A117D0F00EBE8B7 /* FlickrApiClient.swift in Sources */ = {isa = PBXBuildFile; fileRef = 6FDB67DF2A117D0F00EBE8B7 /* FlickrApiClient.swift */; };
		6FDB67E42A1181D900EBE8B7 /* FlickrSchema.swift in Sources */ = {isa = PBXBuildFile; fileRef = 6FDB67E32A1181D900EBE8B7 /* FlickrSchema.swift */; };
		6FDB67E52A1181D900EBE8B7 /* FlickrSchema.swift in Sources */ = {isa = PBXBuildFile; fileRef = 6FDB67E32A1181D900EBE8B7 /* FlickrSchema.swift */; };
		6FDB67E62A1181D900EBE8B7 /* FlickrSchema.swift in Sources */ = {isa = PBXBuildFile; fileRef = 6FDB67E32A1181D900EBE8B7 /* FlickrSchema.swift */; };
		6FDB67E82A118FB900EBE8B7 /* ApiKey.swift in Sources */ = {isa = PBXBuildFile; fileRef = 6FDB67E72A118FB900EBE8B7 /* ApiKey.swift */; };
		6FDB67E92A118FB900EBE8B7 /* ApiKey.swift in Sources */ = {isa = PBXBuildFile; fileRef = 6FDB67E72A118FB900EBE8B7 /* ApiKey.swift */; };
		6FDB67EA2A118FB900EBE8B7 /* ApiKey.swift in Sources */ = {isa = PBXBuildFile; fileRef = 6FDB67E72A118FB900EBE8B7 /* ApiKey.swift */; };
/* End PBXBuildFile section */

/* Begin PBXContainerItemProxy section */
		6FDB67C02A117A5200EBE8B7 /* PBXContainerItemProxy */ = {
			isa = PBXContainerItemProxy;
			containerPortal = 6FDB679E2A117A5100EBE8B7 /* Project object */;
			proxyType = 1;
			remoteGlobalIDString = 6FDB67A52A117A5100EBE8B7;
			remoteInfo = "Virtual Tourist";
		};
		6FDB67CA2A117A5200EBE8B7 /* PBXContainerItemProxy */ = {
			isa = PBXContainerItemProxy;
			containerPortal = 6FDB679E2A117A5100EBE8B7 /* Project object */;
			proxyType = 1;
			remoteGlobalIDString = 6FDB67A52A117A5100EBE8B7;
			remoteInfo = "Virtual Tourist";
		};
/* End PBXContainerItemProxy section */

/* Begin PBXFileReference section */
		6FDB67A62A117A5100EBE8B7 /* Virtual Tourist.app */ = {isa = PBXFileReference; explicitFileType = wrapper.application; includeInIndex = 0; path = "Virtual Tourist.app"; sourceTree = BUILT_PRODUCTS_DIR; };
		6FDB67A92A117A5100EBE8B7 /* AppDelegate.swift */ = {isa = PBXFileReference; lastKnownFileType = sourcecode.swift; path = AppDelegate.swift; sourceTree = "<group>"; };
		6FDB67AB2A117A5100EBE8B7 /* SceneDelegate.swift */ = {isa = PBXFileReference; lastKnownFileType = sourcecode.swift; path = SceneDelegate.swift; sourceTree = "<group>"; };
		6FDB67AD2A117A5100EBE8B7 /* ViewController.swift */ = {isa = PBXFileReference; lastKnownFileType = sourcecode.swift; path = ViewController.swift; sourceTree = "<group>"; };
		6FDB67B02A117A5100EBE8B7 /* Base */ = {isa = PBXFileReference; lastKnownFileType = file.storyboard; name = Base; path = Base.lproj/Main.storyboard; sourceTree = "<group>"; };
		6FDB67B32A117A5100EBE8B7 /* Virtual_Tourist.xcdatamodel */ = {isa = PBXFileReference; lastKnownFileType = wrapper.xcdatamodel; path = Virtual_Tourist.xcdatamodel; sourceTree = "<group>"; };
		6FDB67B52A117A5200EBE8B7 /* Assets.xcassets */ = {isa = PBXFileReference; lastKnownFileType = folder.assetcatalog; path = Assets.xcassets; sourceTree = "<group>"; };
		6FDB67B82A117A5200EBE8B7 /* Base */ = {isa = PBXFileReference; lastKnownFileType = file.storyboard; name = Base; path = Base.lproj/LaunchScreen.storyboard; sourceTree = "<group>"; };
		6FDB67BA2A117A5200EBE8B7 /* Info.plist */ = {isa = PBXFileReference; lastKnownFileType = text.plist.xml; path = Info.plist; sourceTree = "<group>"; };
		6FDB67BF2A117A5200EBE8B7 /* Virtual TouristTests.xctest */ = {isa = PBXFileReference; explicitFileType = wrapper.cfbundle; includeInIndex = 0; path = "Virtual TouristTests.xctest"; sourceTree = BUILT_PRODUCTS_DIR; };
		6FDB67C32A117A5200EBE8B7 /* Virtual_TouristTests.swift */ = {isa = PBXFileReference; lastKnownFileType = sourcecode.swift; path = Virtual_TouristTests.swift; sourceTree = "<group>"; };
		6FDB67C92A117A5200EBE8B7 /* Virtual TouristUITests.xctest */ = {isa = PBXFileReference; explicitFileType = wrapper.cfbundle; includeInIndex = 0; path = "Virtual TouristUITests.xctest"; sourceTree = BUILT_PRODUCTS_DIR; };
		6FDB67CD2A117A5200EBE8B7 /* Virtual_TouristUITests.swift */ = {isa = PBXFileReference; lastKnownFileType = sourcecode.swift; path = Virtual_TouristUITests.swift; sourceTree = "<group>"; };
		6FDB67CF2A117A5200EBE8B7 /* Virtual_TouristUITestsLaunchTests.swift */ = {isa = PBXFileReference; lastKnownFileType = sourcecode.swift; path = Virtual_TouristUITestsLaunchTests.swift; sourceTree = "<group>"; };
		6FDB67DF2A117D0F00EBE8B7 /* FlickrApiClient.swift */ = {isa = PBXFileReference; lastKnownFileType = sourcecode.swift; path = FlickrApiClient.swift; sourceTree = "<group>"; };
		6FDB67E32A1181D900EBE8B7 /* FlickrSchema.swift */ = {isa = PBXFileReference; lastKnownFileType = sourcecode.swift; path = FlickrSchema.swift; sourceTree = "<group>"; };
		6FDB67E72A118FB900EBE8B7 /* ApiKey.swift */ = {isa = PBXFileReference; lastKnownFileType = sourcecode.swift; path = ApiKey.swift; sourceTree = "<group>"; };
/* End PBXFileReference section */

/* Begin PBXFrameworksBuildPhase section */
		6FDB67A32A117A5100EBE8B7 /* Frameworks */ = {
			isa = PBXFrameworksBuildPhase;
			buildActionMask = 2147483647;
			files = (
			);
			runOnlyForDeploymentPostprocessing = 0;
		};
		6FDB67BC2A117A5200EBE8B7 /* Frameworks */ = {
			isa = PBXFrameworksBuildPhase;
			buildActionMask = 2147483647;
			files = (
			);
			runOnlyForDeploymentPostprocessing = 0;
		};
		6FDB67C62A117A5200EBE8B7 /* Frameworks */ = {
			isa = PBXFrameworksBuildPhase;
			buildActionMask = 2147483647;
			files = (
			);
			runOnlyForDeploymentPostprocessing = 0;
		};
/* End PBXFrameworksBuildPhase section */

/* Begin PBXGroup section */
		6FDB679D2A117A5100EBE8B7 = {
			isa = PBXGroup;
			children = (
				6FDB67A82A117A5100EBE8B7 /* Virtual Tourist */,
				6FDB67C22A117A5200EBE8B7 /* Virtual TouristTests */,
				6FDB67CC2A117A5200EBE8B7 /* Virtual TouristUITests */,
				6FDB67A72A117A5100EBE8B7 /* Products */,
			);
			sourceTree = "<group>";
		};
		6FDB67A72A117A5100EBE8B7 /* Products */ = {
			isa = PBXGroup;
			children = (
				6FDB67A62A117A5100EBE8B7 /* Virtual Tourist.app */,
				6FDB67BF2A117A5200EBE8B7 /* Virtual TouristTests.xctest */,
				6FDB67C92A117A5200EBE8B7 /* Virtual TouristUITests.xctest */,
			);
			name = Products;
			sourceTree = "<group>";
		};
		6FDB67A82A117A5100EBE8B7 /* Virtual Tourist */ = {
			isa = PBXGroup;
			children = (
				6FDB67DC2A117C7600EBE8B7 /* model */,
				6FDB67DD2A117C7C00EBE8B7 /* view */,
				6FDB67DE2A117C8000EBE8B7 /* controller */,
				6FDB67A92A117A5100EBE8B7 /* AppDelegate.swift */,
				6FDB67AB2A117A5100EBE8B7 /* SceneDelegate.swift */,
				6FDB67AF2A117A5100EBE8B7 /* Main.storyboard */,
				6FDB67B52A117A5200EBE8B7 /* Assets.xcassets */,
				6FDB67B72A117A5200EBE8B7 /* LaunchScreen.storyboard */,
				6FDB67BA2A117A5200EBE8B7 /* Info.plist */,
				6FDB67B22A117A5100EBE8B7 /* Virtual_Tourist.xcdatamodeld */,
			);
			path = "Virtual Tourist";
			sourceTree = "<group>";
		};
		6FDB67C22A117A5200EBE8B7 /* Virtual TouristTests */ = {
			isa = PBXGroup;
			children = (
				6FDB67C32A117A5200EBE8B7 /* Virtual_TouristTests.swift */,
			);
			path = "Virtual TouristTests";
			sourceTree = "<group>";
		};
		6FDB67CC2A117A5200EBE8B7 /* Virtual TouristUITests */ = {
			isa = PBXGroup;
			children = (
				6FDB67CD2A117A5200EBE8B7 /* Virtual_TouristUITests.swift */,
				6FDB67CF2A117A5200EBE8B7 /* Virtual_TouristUITestsLaunchTests.swift */,
			);
			path = "Virtual TouristUITests";
			sourceTree = "<group>";
		};
		6FDB67DC2A117C7600EBE8B7 /* model */ = {
			isa = PBXGroup;
			children = (
				6FDB67DF2A117D0F00EBE8B7 /* FlickrApiClient.swift */,
				6FDB67E32A1181D900EBE8B7 /* FlickrSchema.swift */,
				6FDB67E72A118FB900EBE8B7 /* ApiKey.swift */,
			);
			path = model;
			sourceTree = "<group>";
		};
		6FDB67DD2A117C7C00EBE8B7 /* view */ = {
			isa = PBXGroup;
			children = (
			);
			path = view;
			sourceTree = "<group>";
		};
		6FDB67DE2A117C8000EBE8B7 /* controller */ = {
			isa = PBXGroup;
			children = (
				6FDB67AD2A117A5100EBE8B7 /* ViewController.swift */,
			);
			path = controller;
			sourceTree = "<group>";
		};
/* End PBXGroup section */

/* Begin PBXNativeTarget section */
		6FDB67A52A117A5100EBE8B7 /* Virtual Tourist */ = {
			isa = PBXNativeTarget;
			buildConfigurationList = 6FDB67D32A117A5200EBE8B7 /* Build configuration list for PBXNativeTarget "Virtual Tourist" */;
			buildPhases = (
				6FDB67A22A117A5100EBE8B7 /* Sources */,
				6FDB67A32A117A5100EBE8B7 /* Frameworks */,
				6FDB67A42A117A5100EBE8B7 /* Resources */,
			);
			buildRules = (
			);
			dependencies = (
			);
			name = "Virtual Tourist";
			productName = "Virtual Tourist";
			productReference = 6FDB67A62A117A5100EBE8B7 /* Virtual Tourist.app */;
			productType = "com.apple.product-type.application";
		};
		6FDB67BE2A117A5200EBE8B7 /* Virtual TouristTests */ = {
			isa = PBXNativeTarget;
			buildConfigurationList = 6FDB67D62A117A5200EBE8B7 /* Build configuration list for PBXNativeTarget "Virtual TouristTests" */;
			buildPhases = (
				6FDB67BB2A117A5200EBE8B7 /* Sources */,
				6FDB67BC2A117A5200EBE8B7 /* Frameworks */,
				6FDB67BD2A117A5200EBE8B7 /* Resources */,
			);
			buildRules = (
			);
			dependencies = (
				6FDB67C12A117A5200EBE8B7 /* PBXTargetDependency */,
			);
			name = "Virtual TouristTests";
			productName = "Virtual TouristTests";
			productReference = 6FDB67BF2A117A5200EBE8B7 /* Virtual TouristTests.xctest */;
			productType = "com.apple.product-type.bundle.unit-test";
		};
		6FDB67C82A117A5200EBE8B7 /* Virtual TouristUITests */ = {
			isa = PBXNativeTarget;
			buildConfigurationList = 6FDB67D92A117A5200EBE8B7 /* Build configuration list for PBXNativeTarget "Virtual TouristUITests" */;
			buildPhases = (
				6FDB67C52A117A5200EBE8B7 /* Sources */,
				6FDB67C62A117A5200EBE8B7 /* Frameworks */,
				6FDB67C72A117A5200EBE8B7 /* Resources */,
			);
			buildRules = (
			);
			dependencies = (
				6FDB67CB2A117A5200EBE8B7 /* PBXTargetDependency */,
			);
			name = "Virtual TouristUITests";
			productName = "Virtual TouristUITests";
			productReference = 6FDB67C92A117A5200EBE8B7 /* Virtual TouristUITests.xctest */;
			productType = "com.apple.product-type.bundle.ui-testing";
		};
/* End PBXNativeTarget section */

/* Begin PBXProject section */
		6FDB679E2A117A5100EBE8B7 /* Project object */ = {
			isa = PBXProject;
			attributes = {
				BuildIndependentTargetsInParallel = 1;
				LastSwiftUpdateCheck = 1430;
				LastUpgradeCheck = 1430;
				TargetAttributes = {
					6FDB67A52A117A5100EBE8B7 = {
						CreatedOnToolsVersion = 14.3;
					};
					6FDB67BE2A117A5200EBE8B7 = {
						CreatedOnToolsVersion = 14.3;
						TestTargetID = 6FDB67A52A117A5100EBE8B7;
					};
					6FDB67C82A117A5200EBE8B7 = {
						CreatedOnToolsVersion = 14.3;
						TestTargetID = 6FDB67A52A117A5100EBE8B7;
					};
				};
			};
			buildConfigurationList = 6FDB67A12A117A5100EBE8B7 /* Build configuration list for PBXProject "Virtual Tourist" */;
			compatibilityVersion = "Xcode 14.0";
			developmentRegion = en;
			hasScannedForEncodings = 0;
			knownRegions = (
				en,
				Base,
			);
			mainGroup = 6FDB679D2A117A5100EBE8B7;
			productRefGroup = 6FDB67A72A117A5100EBE8B7 /* Products */;
			projectDirPath = "";
			projectRoot = "";
			targets = (
				6FDB67A52A117A5100EBE8B7 /* Virtual Tourist */,
				6FDB67BE2A117A5200EBE8B7 /* Virtual TouristTests */,
				6FDB67C82A117A5200EBE8B7 /* Virtual TouristUITests */,
			);
		};
/* End PBXProject section */

/* Begin PBXResourcesBuildPhase section */
		6FDB67A42A117A5100EBE8B7 /* Resources */ = {
			isa = PBXResourcesBuildPhase;
			buildActionMask = 2147483647;
			files = (
				6FDB67B92A117A5200EBE8B7 /* LaunchScreen.storyboard in Resources */,
				6FDB67B62A117A5200EBE8B7 /* Assets.xcassets in Resources */,
				6FDB67B12A117A5100EBE8B7 /* Main.storyboard in Resources */,
			);
			runOnlyForDeploymentPostprocessing = 0;
		};
		6FDB67BD2A117A5200EBE8B7 /* Resources */ = {
			isa = PBXResourcesBuildPhase;
			buildActionMask = 2147483647;
			files = (
			);
			runOnlyForDeploymentPostprocessing = 0;
		};
		6FDB67C72A117A5200EBE8B7 /* Resources */ = {
			isa = PBXResourcesBuildPhase;
			buildActionMask = 2147483647;
			files = (
			);
			runOnlyForDeploymentPostprocessing = 0;
		};
/* End PBXResourcesBuildPhase section */

/* Begin PBXSourcesBuildPhase section */
		6FDB67A22A117A5100EBE8B7 /* Sources */ = {
			isa = PBXSourcesBuildPhase;
			buildActionMask = 2147483647;
			files = (
				6FDB67B42A117A5100EBE8B7 /* Virtual_Tourist.xcdatamodeld in Sources */,
				6FDB67E42A1181D900EBE8B7 /* FlickrSchema.swift in Sources */,
				6FDB67E02A117D0F00EBE8B7 /* FlickrApiClient.swift in Sources */,
				6FDB67AE2A117A5100EBE8B7 /* ViewController.swift in Sources */,
				6FDB67E82A118FB900EBE8B7 /* ApiKey.swift in Sources */,
				6FDB67AA2A117A5100EBE8B7 /* AppDelegate.swift in Sources */,
				6FDB67AC2A117A5100EBE8B7 /* SceneDelegate.swift in Sources */,
			);
			runOnlyForDeploymentPostprocessing = 0;
		};
		6FDB67BB2A117A5200EBE8B7 /* Sources */ = {
			isa = PBXSourcesBuildPhase;
			buildActionMask = 2147483647;
			files = (
				6FDB67C42A117A5200EBE8B7 /* Virtual_TouristTests.swift in Sources */,
				6FDB67E52A1181D900EBE8B7 /* FlickrSchema.swift in Sources */,
				6FDB67E92A118FB900EBE8B7 /* ApiKey.swift in Sources */,
				6FDB67E12A117D0F00EBE8B7 /* FlickrApiClient.swift in Sources */,
			);
			runOnlyForDeploymentPostprocessing = 0;
		};
		6FDB67C52A117A5200EBE8B7 /* Sources */ = {
			isa = PBXSourcesBuildPhase;
			buildActionMask = 2147483647;
			files = (
				6FDB67CE2A117A5200EBE8B7 /* Virtual_TouristUITests.swift in Sources */,
				6FDB67E62A1181D900EBE8B7 /* FlickrSchema.swift in Sources */,
				6FDB67D02A117A5200EBE8B7 /* Virtual_TouristUITestsLaunchTests.swift in Sources */,
				6FDB67EA2A118FB900EBE8B7 /* ApiKey.swift in Sources */,
				6FDB67E22A117D0F00EBE8B7 /* FlickrApiClient.swift in Sources */,
			);
			runOnlyForDeploymentPostprocessing = 0;
		};
/* End PBXSourcesBuildPhase section */

/* Begin PBXTargetDependency section */
		6FDB67C12A117A5200EBE8B7 /* PBXTargetDependency */ = {
			isa = PBXTargetDependency;
			target = 6FDB67A52A117A5100EBE8B7 /* Virtual Tourist */;
			targetProxy = 6FDB67C02A117A5200EBE8B7 /* PBXContainerItemProxy */;
		};
		6FDB67CB2A117A5200EBE8B7 /* PBXTargetDependency */ = {
			isa = PBXTargetDependency;
			target = 6FDB67A52A117A5100EBE8B7 /* Virtual Tourist */;
			targetProxy = 6FDB67CA2A117A5200EBE8B7 /* PBXContainerItemProxy */;
		};
/* End PBXTargetDependency section */

/* Begin PBXVariantGroup section */
		6FDB67AF2A117A5100EBE8B7 /* Main.storyboard */ = {
			isa = PBXVariantGroup;
			children = (
				6FDB67B02A117A5100EBE8B7 /* Base */,
			);
			name = Main.storyboard;
			sourceTree = "<group>";
		};
		6FDB67B72A117A5200EBE8B7 /* LaunchScreen.storyboard */ = {
			isa = PBXVariantGroup;
			children = (
				6FDB67B82A117A5200EBE8B7 /* Base */,
			);
			name = LaunchScreen.storyboard;
			sourceTree = "<group>";
		};
/* End PBXVariantGroup section */

/* Begin XCBuildConfiguration section */
		6FDB67D12A117A5200EBE8B7 /* Debug */ = {
			isa = XCBuildConfiguration;
			buildSettings = {
				ALWAYS_SEARCH_USER_PATHS = NO;
				CLANG_ANALYZER_NONNULL = YES;
				CLANG_ANALYZER_NUMBER_OBJECT_CONVERSION = YES_AGGRESSIVE;
				CLANG_CXX_LANGUAGE_STANDARD = "gnu++20";
				CLANG_ENABLE_MODULES = YES;
				CLANG_ENABLE_OBJC_ARC = YES;
				CLANG_ENABLE_OBJC_WEAK = YES;
				CLANG_WARN_BLOCK_CAPTURE_AUTORELEASING = YES;
				CLANG_WARN_BOOL_CONVERSION = YES;
				CLANG_WARN_COMMA = YES;
				CLANG_WARN_CONSTANT_CONVERSION = YES;
				CLANG_WARN_DEPRECATED_OBJC_IMPLEMENTATIONS = YES;
				CLANG_WARN_DIRECT_OBJC_ISA_USAGE = YES_ERROR;
				CLANG_WARN_DOCUMENTATION_COMMENTS = YES;
				CLANG_WARN_EMPTY_BODY = YES;
				CLANG_WARN_ENUM_CONVERSION = YES;
				CLANG_WARN_INFINITE_RECURSION = YES;
				CLANG_WARN_INT_CONVERSION = YES;
				CLANG_WARN_NON_LITERAL_NULL_CONVERSION = YES;
				CLANG_WARN_OBJC_IMPLICIT_RETAIN_SELF = YES;
				CLANG_WARN_OBJC_LITERAL_CONVERSION = YES;
				CLANG_WARN_OBJC_ROOT_CLASS = YES_ERROR;
				CLANG_WARN_QUOTED_INCLUDE_IN_FRAMEWORK_HEADER = YES;
				CLANG_WARN_RANGE_LOOP_ANALYSIS = YES;
				CLANG_WARN_STRICT_PROTOTYPES = YES;
				CLANG_WARN_SUSPICIOUS_MOVE = YES;
				CLANG_WARN_UNGUARDED_AVAILABILITY = YES_AGGRESSIVE;
				CLANG_WARN_UNREACHABLE_CODE = YES;
				CLANG_WARN__DUPLICATE_METHOD_MATCH = YES;
				COPY_PHASE_STRIP = NO;
				DEBUG_INFORMATION_FORMAT = dwarf;
				ENABLE_STRICT_OBJC_MSGSEND = YES;
				ENABLE_TESTABILITY = YES;
				GCC_C_LANGUAGE_STANDARD = gnu11;
				GCC_DYNAMIC_NO_PIC = NO;
				GCC_NO_COMMON_BLOCKS = YES;
				GCC_OPTIMIZATION_LEVEL = 0;
				GCC_PREPROCESSOR_DEFINITIONS = (
					"DEBUG=1",
					"$(inherited)",
				);
				GCC_WARN_64_TO_32_BIT_CONVERSION = YES;
				GCC_WARN_ABOUT_RETURN_TYPE = YES_ERROR;
				GCC_WARN_UNDECLARED_SELECTOR = YES;
				GCC_WARN_UNINITIALIZED_AUTOS = YES_AGGRESSIVE;
				GCC_WARN_UNUSED_FUNCTION = YES;
				GCC_WARN_UNUSED_VARIABLE = YES;
				IPHONEOS_DEPLOYMENT_TARGET = 16.4;
				MTL_ENABLE_DEBUG_INFO = INCLUDE_SOURCE;
				MTL_FAST_MATH = YES;
				ONLY_ACTIVE_ARCH = YES;
				SDKROOT = iphoneos;
				SWIFT_ACTIVE_COMPILATION_CONDITIONS = DEBUG;
				SWIFT_OPTIMIZATION_LEVEL = "-Onone";
			};
			name = Debug;
		};
		6FDB67D22A117A5200EBE8B7 /* Release */ = {
			isa = XCBuildConfiguration;
			buildSettings = {
				ALWAYS_SEARCH_USER_PATHS = NO;
				CLANG_ANALYZER_NONNULL = YES;
				CLANG_ANALYZER_NUMBER_OBJECT_CONVERSION = YES_AGGRESSIVE;
				CLANG_CXX_LANGUAGE_STANDARD = "gnu++20";
				CLANG_ENABLE_MODULES = YES;
				CLANG_ENABLE_OBJC_ARC = YES;
				CLANG_ENABLE_OBJC_WEAK = YES;
				CLANG_WARN_BLOCK_CAPTURE_AUTORELEASING = YES;
				CLANG_WARN_BOOL_CONVERSION = YES;
				CLANG_WARN_COMMA = YES;
				CLANG_WARN_CONSTANT_CONVERSION = YES;
				CLANG_WARN_DEPRECATED_OBJC_IMPLEMENTATIONS = YES;
				CLANG_WARN_DIRECT_OBJC_ISA_USAGE = YES_ERROR;
				CLANG_WARN_DOCUMENTATION_COMMENTS = YES;
				CLANG_WARN_EMPTY_BODY = YES;
				CLANG_WARN_ENUM_CONVERSION = YES;
				CLANG_WARN_INFINITE_RECURSION = YES;
				CLANG_WARN_INT_CONVERSION = YES;
				CLANG_WARN_NON_LITERAL_NULL_CONVERSION = YES;
				CLANG_WARN_OBJC_IMPLICIT_RETAIN_SELF = YES;
				CLANG_WARN_OBJC_LITERAL_CONVERSION = YES;
				CLANG_WARN_OBJC_ROOT_CLASS = YES_ERROR;
				CLANG_WARN_QUOTED_INCLUDE_IN_FRAMEWORK_HEADER = YES;
				CLANG_WARN_RANGE_LOOP_ANALYSIS = YES;
				CLANG_WARN_STRICT_PROTOTYPES = YES;
				CLANG_WARN_SUSPICIOUS_MOVE = YES;
				CLANG_WARN_UNGUARDED_AVAILABILITY = YES_AGGRESSIVE;
				CLANG_WARN_UNREACHABLE_CODE = YES;
				CLANG_WARN__DUPLICATE_METHOD_MATCH = YES;
				COPY_PHASE_STRIP = NO;
				DEBUG_INFORMATION_FORMAT = "dwarf-with-dsym";
				ENABLE_NS_ASSERTIONS = NO;
				ENABLE_STRICT_OBJC_MSGSEND = YES;
				GCC_C_LANGUAGE_STANDARD = gnu11;
				GCC_NO_COMMON_BLOCKS = YES;
				GCC_WARN_64_TO_32_BIT_CONVERSION = YES;
				GCC_WARN_ABOUT_RETURN_TYPE = YES_ERROR;
				GCC_WARN_UNDECLARED_SELECTOR = YES;
				GCC_WARN_UNINITIALIZED_AUTOS = YES_AGGRESSIVE;
				GCC_WARN_UNUSED_FUNCTION = YES;
				GCC_WARN_UNUSED_VARIABLE = YES;
				IPHONEOS_DEPLOYMENT_TARGET = 16.4;
				MTL_ENABLE_DEBUG_INFO = NO;
				MTL_FAST_MATH = YES;
				SDKROOT = iphoneos;
				SWIFT_COMPILATION_MODE = wholemodule;
				SWIFT_OPTIMIZATION_LEVEL = "-O";
				VALIDATE_PRODUCT = YES;
			};
			name = Release;
		};
		6FDB67D42A117A5200EBE8B7 /* Debug */ = {
			isa = XCBuildConfiguration;
			buildSettings = {
				ASSETCATALOG_COMPILER_APPICON_NAME = AppIcon;
				ASSETCATALOG_COMPILER_GLOBAL_ACCENT_COLOR_NAME = AccentColor;
				CODE_SIGN_STYLE = Automatic;
				CURRENT_PROJECT_VERSION = 1;
				DEVELOPMENT_TEAM = L8695SQ572;
				GENERATE_INFOPLIST_FILE = YES;
				INFOPLIST_FILE = "Virtual Tourist/Info.plist";
				INFOPLIST_KEY_UIApplicationSupportsIndirectInputEvents = YES;
				INFOPLIST_KEY_UILaunchStoryboardName = LaunchScreen;
				INFOPLIST_KEY_UIMainStoryboardFile = Main;
				INFOPLIST_KEY_UISupportedInterfaceOrientations_iPad = "UIInterfaceOrientationPortrait UIInterfaceOrientationPortraitUpsideDown UIInterfaceOrientationLandscapeLeft UIInterfaceOrientationLandscapeRight";
				INFOPLIST_KEY_UISupportedInterfaceOrientations_iPhone = "UIInterfaceOrientationPortrait UIInterfaceOrientationLandscapeLeft UIInterfaceOrientationLandscapeRight";
				LD_RUNPATH_SEARCH_PATHS = (
					"$(inherited)",
					"@executable_path/Frameworks",
				);
				MARKETING_VERSION = 1.0;
				PRODUCT_BUNDLE_IDENTIFIER = "flood.matthew.Virtual-Tourist";
				PRODUCT_NAME = "$(TARGET_NAME)";
				SWIFT_EMIT_LOC_STRINGS = YES;
				SWIFT_VERSION = 5.0;
				TARGETED_DEVICE_FAMILY = "1,2";
			};
			name = Debug;
		};
		6FDB67D52A117A5200EBE8B7 /* Release */ = {
			isa = XCBuildConfiguration;
			buildSettings = {
				ASSETCATALOG_COMPILER_APPICON_NAME = AppIcon;
				ASSETCATALOG_COMPILER_GLOBAL_ACCENT_COLOR_NAME = AccentColor;
				CODE_SIGN_STYLE = Automatic;
				CURRENT_PROJECT_VERSION = 1;
				DEVELOPMENT_TEAM = L8695SQ572;
				GENERATE_INFOPLIST_FILE = YES;
				INFOPLIST_FILE = "Virtual Tourist/Info.plist";
				INFOPLIST_KEY_UIApplicationSupportsIndirectInputEvents = YES;
				INFOPLIST_KEY_UILaunchStoryboardName = LaunchScreen;
				INFOPLIST_KEY_UIMainStoryboardFile = Main;
				INFOPLIST_KEY_UISupportedInterfaceOrientations_iPad = "UIInterfaceOrientationPortrait UIInterfaceOrientationPortraitUpsideDown UIInterfaceOrientationLandscapeLeft UIInterfaceOrientationLandscapeRight";
				INFOPLIST_KEY_UISupportedInterfaceOrientations_iPhone = "UIInterfaceOrientationPortrait UIInterfaceOrientationLandscapeLeft UIInterfaceOrientationLandscapeRight";
				LD_RUNPATH_SEARCH_PATHS = (
					"$(inherited)",
					"@executable_path/Frameworks",
				);
				MARKETING_VERSION = 1.0;
				PRODUCT_BUNDLE_IDENTIFIER = "flood.matthew.Virtual-Tourist";
				PRODUCT_NAME = "$(TARGET_NAME)";
				SWIFT_EMIT_LOC_STRINGS = YES;
				SWIFT_VERSION = 5.0;
				TARGETED_DEVICE_FAMILY = "1,2";
			};
			name = Release;
		};
		6FDB67D72A117A5200EBE8B7 /* Debug */ = {
			isa = XCBuildConfiguration;
			buildSettings = {
				ALWAYS_EMBED_SWIFT_STANDARD_LIBRARIES = YES;
				BUNDLE_LOADER = "$(TEST_HOST)";
				CODE_SIGN_STYLE = Automatic;
				CURRENT_PROJECT_VERSION = 1;
				DEVELOPMENT_TEAM = L8695SQ572;
				GENERATE_INFOPLIST_FILE = YES;
				IPHONEOS_DEPLOYMENT_TARGET = 16.4;
				MARKETING_VERSION = 1.0;
				PRODUCT_BUNDLE_IDENTIFIER = "flood.matthew.Virtual-TouristTests";
				PRODUCT_NAME = "$(TARGET_NAME)";
				SWIFT_EMIT_LOC_STRINGS = NO;
				SWIFT_VERSION = 5.0;
				TARGETED_DEVICE_FAMILY = "1,2";
				TEST_HOST = "$(BUILT_PRODUCTS_DIR)/Virtual Tourist.app/$(BUNDLE_EXECUTABLE_FOLDER_PATH)/Virtual Tourist";
			};
			name = Debug;
		};
		6FDB67D82A117A5200EBE8B7 /* Release */ = {
			isa = XCBuildConfiguration;
			buildSettings = {
				ALWAYS_EMBED_SWIFT_STANDARD_LIBRARIES = YES;
				BUNDLE_LOADER = "$(TEST_HOST)";
				CODE_SIGN_STYLE = Automatic;
				CURRENT_PROJECT_VERSION = 1;
				DEVELOPMENT_TEAM = L8695SQ572;
				GENERATE_INFOPLIST_FILE = YES;
				IPHONEOS_DEPLOYMENT_TARGET = 16.4;
				MARKETING_VERSION = 1.0;
				PRODUCT_BUNDLE_IDENTIFIER = "flood.matthew.Virtual-TouristTests";
				PRODUCT_NAME = "$(TARGET_NAME)";
				SWIFT_EMIT_LOC_STRINGS = NO;
				SWIFT_VERSION = 5.0;
				TARGETED_DEVICE_FAMILY = "1,2";
				TEST_HOST = "$(BUILT_PRODUCTS_DIR)/Virtual Tourist.app/$(BUNDLE_EXECUTABLE_FOLDER_PATH)/Virtual Tourist";
			};
			name = Release;
		};
		6FDB67DA2A117A5200EBE8B7 /* Debug */ = {
			isa = XCBuildConfiguration;
			buildSettings = {
				ALWAYS_EMBED_SWIFT_STANDARD_LIBRARIES = YES;
				CODE_SIGN_STYLE = Automatic;
				CURRENT_PROJECT_VERSION = 1;
				DEVELOPMENT_TEAM = L8695SQ572;
				GENERATE_INFOPLIST_FILE = YES;
				MARKETING_VERSION = 1.0;
				PRODUCT_BUNDLE_IDENTIFIER = "flood.matthew.Virtual-TouristUITests";
				PRODUCT_NAME = "$(TARGET_NAME)";
				SWIFT_EMIT_LOC_STRINGS = NO;
				SWIFT_VERSION = 5.0;
				TARGETED_DEVICE_FAMILY = "1,2";
				TEST_TARGET_NAME = "Virtual Tourist";
			};
			name = Debug;
		};
		6FDB67DB2A117A5200EBE8B7 /* Release */ = {
			isa = XCBuildConfiguration;
			buildSettings = {
				ALWAYS_EMBED_SWIFT_STANDARD_LIBRARIES = YES;
				CODE_SIGN_STYLE = Automatic;
				CURRENT_PROJECT_VERSION = 1;
				DEVELOPMENT_TEAM = L8695SQ572;
				GENERATE_INFOPLIST_FILE = YES;
				MARKETING_VERSION = 1.0;
				PRODUCT_BUNDLE_IDENTIFIER = "flood.matthew.Virtual-TouristUITests";
				PRODUCT_NAME = "$(TARGET_NAME)";
				SWIFT_EMIT_LOC_STRINGS = NO;
				SWIFT_VERSION = 5.0;
				TARGETED_DEVICE_FAMILY = "1,2";
				TEST_TARGET_NAME = "Virtual Tourist";
			};
			name = Release;
		};
/* End XCBuildConfiguration section */

/* Begin XCConfigurationList section */
		6FDB67A12A117A5100EBE8B7 /* Build configuration list for PBXProject "Virtual Tourist" */ = {
			isa = XCConfigurationList;
			buildConfigurations = (
				6FDB67D12A117A5200EBE8B7 /* Debug */,
				6FDB67D22A117A5200EBE8B7 /* Release */,
			);
			defaultConfigurationIsVisible = 0;
			defaultConfigurationName = Release;
		};
		6FDB67D32A117A5200EBE8B7 /* Build configuration list for PBXNativeTarget "Virtual Tourist" */ = {
			isa = XCConfigurationList;
			buildConfigurations = (
				6FDB67D42A117A5200EBE8B7 /* Debug */,
				6FDB67D52A117A5200EBE8B7 /* Release */,
			);
			defaultConfigurationIsVisible = 0;
			defaultConfigurationName = Release;
		};
		6FDB67D62A117A5200EBE8B7 /* Build configuration list for PBXNativeTarget "Virtual TouristTests" */ = {
			isa = XCConfigurationList;
			buildConfigurations = (
				6FDB67D72A117A5200EBE8B7 /* Debug */,
				6FDB67D82A117A5200EBE8B7 /* Release */,
			);
			defaultConfigurationIsVisible = 0;
			defaultConfigurationName = Release;
		};
		6FDB67D92A117A5200EBE8B7 /* Build configuration list for PBXNativeTarget "Virtual TouristUITests" */ = {
			isa = XCConfigurationList;
			buildConfigurations = (
				6FDB67DA2A117A5200EBE8B7 /* Debug */,
				6FDB67DB2A117A5200EBE8B7 /* Release */,
			);
			defaultConfigurationIsVisible = 0;
			defaultConfigurationName = Release;
		};
/* End XCConfigurationList section */

/* Begin XCVersionGroup section */
		6FDB67B22A117A5100EBE8B7 /* Virtual_Tourist.xcdatamodeld */ = {
			isa = XCVersionGroup;
			children = (
				6FDB67B32A117A5100EBE8B7 /* Virtual_Tourist.xcdatamodel */,
			);
			currentVersion = 6FDB67B32A117A5100EBE8B7 /* Virtual_Tourist.xcdatamodel */;
			path = Virtual_Tourist.xcdatamodeld;
			sourceTree = "<group>";
			versionGroupType = wrapper.xcdatamodel;
		};
/* End XCVersionGroup section */
	};
	rootObject = 6FDB679E2A117A5100EBE8B7 /* Project object */;
}
